
Microsoft Visual Studio Solution File, Format Version 12.00
# Visual Studio Version 17
VisualStudioVersion = 17.5.002.0
MinimumVisualStudioVersion = 10.0.40219.1
Project("{9A19103F-16F7-4668-BE54-9A1E7A4F7556}") = "server", "server\server.csproj", "{099231A2-9FE3-48A1-AB6E-FF5EE91BCC4B}"
EndProject
Global
	GlobalSection(SolutionConfigurationPlatforms) = preSolution
		Debug|Any CPU = Debug|Any CPU
		Release|Any CPU = Release|Any CPU
	EndGlobalSection
	GlobalSection(ProjectConfigurationPlatforms) = postSolution
		{099231A2-9FE3-48A1-AB6E-FF5EE91BCC4B}.Debug|Any CPU.ActiveCfg = Debug|Any CPU
		{099231A2-9FE3-48A1-AB6E-FF5EE91BCC4B}.Debug|Any CPU.Build.0 = Debug|Any CPU
		{099231A2-9FE3-48A1-AB6E-FF5EE91BCC4B}.Release|Any CPU.ActiveCfg = Release|Any CPU
		{099231A2-9FE3-48A1-AB6E-FF5EE91BCC4B}.Release|Any CPU.Build.0 = Release|Any CPU
	EndGlobalSection
	GlobalSection(SolutionProperties) = preSolution
		HideSolutionNode = FALSE
	EndGlobalSection
	GlobalSection(ExtensibilityGlobals) = postSolution
		SolutionGuid = {7C722086-69E7-4FAF-AF72-10D61A53BE3A}
	EndGlobalSection
EndGlobal
